
Microsoft Visual Studio Solution File, Format Version 12.00
# Visual Studio Version 17
VisualStudioVersion = 17.1.32228.430
MinimumVisualStudioVersion = 10.0.40219.1
Project("{9A19103F-16F7-4668-BE54-9A1E7A4F7556}") = "SuperHeroAPI", "SuperHeroAPI\SuperHeroAPI.csproj", "{CD814247-A485-400A-9251-65F3760E2A40}"
EndProject
Global
	GlobalSection(SolutionConfigurationPlatforms) = preSolution
		Debug|Any CPU = Debug|Any CPU
		Release|Any CPU = Release|Any CPU
	EndGlobalSection
	GlobalSection(ProjectConfigurationPlatforms) = postSolution
		{CD814247-A485-400A-9251-65F3760E2A40}.Debug|Any CPU.ActiveCfg = Debug|Any CPU
		{CD814247-A485-400A-9251-65F3760E2A40}.Debug|Any CPU.Build.0 = Debug|Any CPU
		{CD814247-A485-400A-9251-65F3760E2A40}.Release|Any CPU.ActiveCfg = Release|Any CPU
		{CD814247-A485-400A-9251-65F3760E2A40}.Release|Any CPU.Build.0 = Release|Any CPU
	EndGlobalSection
	GlobalSection(SolutionProperties) = preSolution
		HideSolutionNode = FALSE
	EndGlobalSection
	GlobalSection(ExtensibilityGlobals) = postSolution
		SolutionGuid = {7574352D-B427-485E-93AE-E5E2E569B16A}
	EndGlobalSection
EndGlobal
